
Microsoft Visual Studio Solution File, Format Version 12.00
# Visual Studio Version 16
VisualStudioVersion = 16.0.30002.166
MinimumVisualStudioVersion = 10.0.40219.1
Project("{FAE04EC0-301F-11D3-BF4B-00C04F79EFBC}") = "CodeGen", "CodeGen\CodeGen.csproj", "{1AF7250B-AB31-41F1-804E-D3D0FCD45EAB}"
EndProject
Global
	GlobalSection(SolutionConfigurationPlatforms) = preSolution
		Debug|Any CPU = Debug|Any CPU
		Release|Any CPU = Release|Any CPU
	EndGlobalSection
	GlobalSection(ProjectConfigurationPlatforms) = postSolution
		{1AF7250B-AB31-41F1-804E-D3D0FCD45EAB}.Debug|Any CPU.ActiveCfg = Debug|Any CPU
		{1AF7250B-AB31-41F1-804E-D3D0FCD45EAB}.Debug|Any CPU.Build.0 = Debug|Any CPU
		{1AF7250B-AB31-41F1-804E-D3D0FCD45EAB}.Release|Any CPU.ActiveCfg = Release|Any CPU
		{1AF7250B-AB31-41F1-804E-D3D0FCD45EAB}.Release|Any CPU.Build.0 = Release|Any CPU
	EndGlobalSection
	GlobalSection(SolutionProperties) = preSolution
		HideSolutionNode = FALSE
	EndGlobalSection
	GlobalSection(ExtensibilityGlobals) = postSolution
		SolutionGuid = {AD792405-A9B0-4F21-9D9C-4A1806A77852}
	EndGlobalSection
EndGlobal
